// !$*UTF8*$!
{
	archiveVersion = 1;
	classes = {
	};
	objectVersion = 50;
	objects = {

/* Begin PBXBuildFile section */
		BBA9F3C524578D5000DD5512 /* AppDelegate.swift in Sources */ = {isa = PBXBuildFile; fileRef = BBA9F3C424578D5000DD5512 /* AppDelegate.swift */; };
		BBA9F3C724578D5000DD5512 /* ContentView.swift in Sources */ = {isa = PBXBuildFile; fileRef = BBA9F3C624578D5000DD5512 /* ContentView.swift */; };
		BBA9F3C924578D5200DD5512 /* Assets.xcassets in Resources */ = {isa = PBXBuildFile; fileRef = BBA9F3C824578D5200DD5512 /* Assets.xcassets */; };
		BBA9F3CC24578D5200DD5512 /* Preview Assets.xcassets in Resources */ = {isa = PBXBuildFile; fileRef = BBA9F3CB24578D5200DD5512 /* Preview Assets.xcassets */; };
		BBA9F3CF24578D5200DD5512 /* Main.storyboard in Resources */ = {isa = PBXBuildFile; fileRef = BBA9F3CD24578D5200DD5512 /* Main.storyboard */; };
		BBA9F3D824578D6400DD5512 /* BluetoothManager.swift in Sources */ = {isa = PBXBuildFile; fileRef = BBA9F3D724578D6400DD5512 /* BluetoothManager.swift */; };
		BBA9F3DA24578D8D00DD5512 /* Constants.swift in Sources */ = {isa = PBXBuildFile; fileRef = BBA9F3D924578D8D00DD5512 /* Constants.swift */; };
		BBA9F3DC2457944100DD5512 /* Model.swift in Sources */ = {isa = PBXBuildFile; fileRef = BBA9F3DB2457944100DD5512 /* Model.swift */; };
		BBA9F3DE24579C9800DD5512 /* ListRow.swift in Sources */ = {isa = PBXBuildFile; fileRef = BBA9F3DD24579C9800DD5512 /* ListRow.swift */; };
		BBA9F3E02457A06800DD5512 /* PeripheralDetail.swift in Sources */ = {isa = PBXBuildFile; fileRef = BBA9F3DF2457A06800DD5512 /* PeripheralDetail.swift */; };
		BBA9F3E82457A51500DD5512 /* AppDelegate.swift in Sources */ = {isa = PBXBuildFile; fileRef = BBA9F3E72457A51500DD5512 /* AppDelegate.swift */; };
		BBA9F3EA2457A51500DD5512 /* SceneDelegate.swift in Sources */ = {isa = PBXBuildFile; fileRef = BBA9F3E92457A51500DD5512 /* SceneDelegate.swift */; };
		BBA9F3EE2457A51700DD5512 /* Assets.xcassets in Resources */ = {isa = PBXBuildFile; fileRef = BBA9F3ED2457A51700DD5512 /* Assets.xcassets */; };
		BBA9F3F12457A51700DD5512 /* Preview Assets.xcassets in Resources */ = {isa = PBXBuildFile; fileRef = BBA9F3F02457A51700DD5512 /* Preview Assets.xcassets */; };
		BBA9F3F42457A51700DD5512 /* LaunchScreen.storyboard in Resources */ = {isa = PBXBuildFile; fileRef = BBA9F3F22457A51700DD5512 /* LaunchScreen.storyboard */; };
		BBA9F3F92457A53D00DD5512 /* ContentView.swift in Sources */ = {isa = PBXBuildFile; fileRef = BBA9F3C624578D5000DD5512 /* ContentView.swift */; };
		BBA9F3FA2457A53D00DD5512 /* ListRow.swift in Sources */ = {isa = PBXBuildFile; fileRef = BBA9F3DD24579C9800DD5512 /* ListRow.swift */; };
		BBA9F3FB2457A53D00DD5512 /* PeripheralDetail.swift in Sources */ = {isa = PBXBuildFile; fileRef = BBA9F3DF2457A06800DD5512 /* PeripheralDetail.swift */; };
		BBA9F3FC2457A53D00DD5512 /* BluetoothManager.swift in Sources */ = {isa = PBXBuildFile; fileRef = BBA9F3D724578D6400DD5512 /* BluetoothManager.swift */; };
		BBA9F3FD2457A53D00DD5512 /* Constants.swift in Sources */ = {isa = PBXBuildFile; fileRef = BBA9F3D924578D8D00DD5512 /* Constants.swift */; };
		BBA9F3FE2457A53D00DD5512 /* Model.swift in Sources */ = {isa = PBXBuildFile; fileRef = BBA9F3DB2457944100DD5512 /* Model.swift */; };
/* End PBXBuildFile section */

/* Begin PBXFileReference section */
		BBA9F3C124578D5000DD5512 /* CovidSafeScanner.app */ = {isa = PBXFileReference; explicitFileType = wrapper.application; includeInIndex = 0; path = CovidSafeScanner.app; sourceTree = BUILT_PRODUCTS_DIR; };
		BBA9F3C424578D5000DD5512 /* AppDelegate.swift */ = {isa = PBXFileReference; lastKnownFileType = sourcecode.swift; path = AppDelegate.swift; sourceTree = "<group>"; };
		BBA9F3C624578D5000DD5512 /* ContentView.swift */ = {isa = PBXFileReference; lastKnownFileType = sourcecode.swift; path = ContentView.swift; sourceTree = "<group>"; };
		BBA9F3C824578D5200DD5512 /* Assets.xcassets */ = {isa = PBXFileReference; lastKnownFileType = folder.assetcatalog; path = Assets.xcassets; sourceTree = "<group>"; };
		BBA9F3CB24578D5200DD5512 /* Preview Assets.xcassets */ = {isa = PBXFileReference; lastKnownFileType = folder.assetcatalog; path = "Preview Assets.xcassets"; sourceTree = "<group>"; };
		BBA9F3CE24578D5200DD5512 /* Base */ = {isa = PBXFileReference; lastKnownFileType = file.storyboard; name = Base; path = Base.lproj/Main.storyboard; sourceTree = "<group>"; };
		BBA9F3D024578D5200DD5512 /* Info.plist */ = {isa = PBXFileReference; lastKnownFileType = text.plist.xml; path = Info.plist; sourceTree = "<group>"; };
		BBA9F3D124578D5200DD5512 /* CovidSafeScanner.entitlements */ = {isa = PBXFileReference; lastKnownFileType = text.plist.entitlements; path = CovidSafeScanner.entitlements; sourceTree = "<group>"; };
		BBA9F3D724578D6400DD5512 /* BluetoothManager.swift */ = {isa = PBXFileReference; lastKnownFileType = sourcecode.swift; path = BluetoothManager.swift; sourceTree = "<group>"; };
		BBA9F3D924578D8D00DD5512 /* Constants.swift */ = {isa = PBXFileReference; lastKnownFileType = sourcecode.swift; path = Constants.swift; sourceTree = "<group>"; };
		BBA9F3DB2457944100DD5512 /* Model.swift */ = {isa = PBXFileReference; lastKnownFileType = sourcecode.swift; path = Model.swift; sourceTree = "<group>"; };
		BBA9F3DD24579C9800DD5512 /* ListRow.swift */ = {isa = PBXFileReference; lastKnownFileType = sourcecode.swift; path = ListRow.swift; sourceTree = "<group>"; };
		BBA9F3DF2457A06800DD5512 /* PeripheralDetail.swift */ = {isa = PBXFileReference; lastKnownFileType = sourcecode.swift; path = PeripheralDetail.swift; sourceTree = "<group>"; };
		BBA9F3E52457A51500DD5512 /* CovidSafeScanneriOS.app */ = {isa = PBXFileReference; explicitFileType = wrapper.application; includeInIndex = 0; path = CovidSafeScanneriOS.app; sourceTree = BUILT_PRODUCTS_DIR; };
		BBA9F3E72457A51500DD5512 /* AppDelegate.swift */ = {isa = PBXFileReference; lastKnownFileType = sourcecode.swift; path = AppDelegate.swift; sourceTree = "<group>"; };
		BBA9F3E92457A51500DD5512 /* SceneDelegate.swift */ = {isa = PBXFileReference; lastKnownFileType = sourcecode.swift; path = SceneDelegate.swift; sourceTree = "<group>"; };
		BBA9F3ED2457A51700DD5512 /* Assets.xcassets */ = {isa = PBXFileReference; lastKnownFileType = folder.assetcatalog; path = Assets.xcassets; sourceTree = "<group>"; };
		BBA9F3F02457A51700DD5512 /* Preview Assets.xcassets */ = {isa = PBXFileReference; lastKnownFileType = folder.assetcatalog; path = "Preview Assets.xcassets"; sourceTree = "<group>"; };
		BBA9F3F32457A51700DD5512 /* Base */ = {isa = PBXFileReference; lastKnownFileType = file.storyboard; name = Base; path = Base.lproj/LaunchScreen.storyboard; sourceTree = "<group>"; };
		BBA9F3F52457A51700DD5512 /* Info.plist */ = {isa = PBXFileReference; lastKnownFileType = text.plist.xml; path = Info.plist; sourceTree = "<group>"; };
/* End PBXFileReference section */

/* Begin PBXFrameworksBuildPhase section */
		BBA9F3BE24578D5000DD5512 /* Frameworks */ = {
			isa = PBXFrameworksBuildPhase;
			buildActionMask = 2147483647;
			files = (
			);
			runOnlyForDeploymentPostprocessing = 0;
		};
		BBA9F3E22457A51500DD5512 /* Frameworks */ = {
			isa = PBXFrameworksBuildPhase;
			buildActionMask = 2147483647;
			files = (
			);
			runOnlyForDeploymentPostprocessing = 0;
		};
/* End PBXFrameworksBuildPhase section */

/* Begin PBXGroup section */
		BBA9F3B824578D5000DD5512 = {
			isa = PBXGroup;
			children = (
				BBA9F3C324578D5000DD5512 /* CovidSafeScanner */,
				BBA9F3E62457A51500DD5512 /* CovidSafeScanneriOS */,
				BBA9F3C224578D5000DD5512 /* Products */,
			);
			sourceTree = "<group>";
		};
		BBA9F3C224578D5000DD5512 /* Products */ = {
			isa = PBXGroup;
			children = (
				BBA9F3C124578D5000DD5512 /* CovidSafeScanner.app */,
				BBA9F3E52457A51500DD5512 /* CovidSafeScanneriOS.app */,
			);
			name = Products;
			sourceTree = "<group>";
		};
		BBA9F3C324578D5000DD5512 /* CovidSafeScanner */ = {
			isa = PBXGroup;
			children = (
				BBA9F3C424578D5000DD5512 /* AppDelegate.swift */,
				BBA9F3C624578D5000DD5512 /* ContentView.swift */,
				BBA9F3DD24579C9800DD5512 /* ListRow.swift */,
				BBA9F3DF2457A06800DD5512 /* PeripheralDetail.swift */,
				BBA9F3C824578D5200DD5512 /* Assets.xcassets */,
				BBA9F3CD24578D5200DD5512 /* Main.storyboard */,
				BBA9F3D024578D5200DD5512 /* Info.plist */,
				BBA9F3D124578D5200DD5512 /* CovidSafeScanner.entitlements */,
				BBA9F3CA24578D5200DD5512 /* Preview Content */,
				BBA9F3D724578D6400DD5512 /* BluetoothManager.swift */,
				BBA9F3D924578D8D00DD5512 /* Constants.swift */,
				BBA9F3DB2457944100DD5512 /* Model.swift */,
			);
			path = CovidSafeScanner;
			sourceTree = "<group>";
		};
		BBA9F3CA24578D5200DD5512 /* Preview Content */ = {
			isa = PBXGroup;
			children = (
				BBA9F3CB24578D5200DD5512 /* Preview Assets.xcassets */,
			);
			path = "Preview Content";
			sourceTree = "<group>";
		};
		BBA9F3E62457A51500DD5512 /* CovidSafeScanneriOS */ = {
			isa = PBXGroup;
			children = (
				BBA9F3E72457A51500DD5512 /* AppDelegate.swift */,
				BBA9F3E92457A51500DD5512 /* SceneDelegate.swift */,
				BBA9F3ED2457A51700DD5512 /* Assets.xcassets */,
				BBA9F3F22457A51700DD5512 /* LaunchScreen.storyboard */,
				BBA9F3F52457A51700DD5512 /* Info.plist */,
				BBA9F3EF2457A51700DD5512 /* Preview Content */,
			);
			path = CovidSafeScanneriOS;
			sourceTree = "<group>";
		};
		BBA9F3EF2457A51700DD5512 /* Preview Content */ = {
			isa = PBXGroup;
			children = (
				BBA9F3F02457A51700DD5512 /* Preview Assets.xcassets */,
			);
			path = "Preview Content";
			sourceTree = "<group>";
		};
/* End PBXGroup section */

/* Begin PBXNativeTarget section */
		BBA9F3C024578D5000DD5512 /* CovidSafeScanner */ = {
			isa = PBXNativeTarget;
			buildConfigurationList = BBA9F3D424578D5200DD5512 /* Build configuration list for PBXNativeTarget "CovidSafeScanner" */;
			buildPhases = (
				BBA9F3BD24578D5000DD5512 /* Sources */,
				BBA9F3BE24578D5000DD5512 /* Frameworks */,
				BBA9F3BF24578D5000DD5512 /* Resources */,
			);
			buildRules = (
			);
			dependencies = (
			);
			name = CovidSafeScanner;
			productName = CovidSafeScanner;
			productReference = BBA9F3C124578D5000DD5512 /* CovidSafeScanner.app */;
			productType = "com.apple.product-type.application";
		};
		BBA9F3E42457A51500DD5512 /* CovidSafeScanneriOS */ = {
			isa = PBXNativeTarget;
			buildConfigurationList = BBA9F3F62457A51700DD5512 /* Build configuration list for PBXNativeTarget "CovidSafeScanneriOS" */;
			buildPhases = (
				BBA9F3E12457A51500DD5512 /* Sources */,
				BBA9F3E22457A51500DD5512 /* Frameworks */,
				BBA9F3E32457A51500DD5512 /* Resources */,
			);
			buildRules = (
			);
			dependencies = (
			);
			name = CovidSafeScanneriOS;
			productName = CovidSafeScanneriOS;
			productReference = BBA9F3E52457A51500DD5512 /* CovidSafeScanneriOS.app */;
			productType = "com.apple.product-type.application";
		};
/* End PBXNativeTarget section */

/* Begin PBXProject section */
		BBA9F3B924578D5000DD5512 /* Project object */ = {
			isa = PBXProject;
			attributes = {
				LastSwiftUpdateCheck = 1140;
				LastUpgradeCheck = 1140;
				ORGANIZATIONNAME = "Paul Wilkinson";
				TargetAttributes = {
					BBA9F3C024578D5000DD5512 = {
						CreatedOnToolsVersion = 11.4.1;
					};
					BBA9F3E42457A51500DD5512 = {
						CreatedOnToolsVersion = 11.4.1;
					};
				};
			};
			buildConfigurationList = BBA9F3BC24578D5000DD5512 /* Build configuration list for PBXProject "CovidSafeScanner" */;
			compatibilityVersion = "Xcode 9.3";
			developmentRegion = en;
			hasScannedForEncodings = 0;
			knownRegions = (
				en,
				Base,
			);
			mainGroup = BBA9F3B824578D5000DD5512;
			productRefGroup = BBA9F3C224578D5000DD5512 /* Products */;
			projectDirPath = "";
			projectRoot = "";
			targets = (
				BBA9F3C024578D5000DD5512 /* CovidSafeScanner */,
				BBA9F3E42457A51500DD5512 /* CovidSafeScanneriOS */,
			);
		};
/* End PBXProject section */

/* Begin PBXResourcesBuildPhase section */
		BBA9F3BF24578D5000DD5512 /* Resources */ = {
			isa = PBXResourcesBuildPhase;
			buildActionMask = 2147483647;
			files = (
				BBA9F3CF24578D5200DD5512 /* Main.storyboard in Resources */,
				BBA9F3CC24578D5200DD5512 /* Preview Assets.xcassets in Resources */,
				BBA9F3C924578D5200DD5512 /* Assets.xcassets in Resources */,
			);
			runOnlyForDeploymentPostprocessing = 0;
		};
		BBA9F3E32457A51500DD5512 /* Resources */ = {
			isa = PBXResourcesBuildPhase;
			buildActionMask = 2147483647;
			files = (
				BBA9F3F42457A51700DD5512 /* LaunchScreen.storyboard in Resources */,
				BBA9F3F12457A51700DD5512 /* Preview Assets.xcassets in Resources */,
				BBA9F3EE2457A51700DD5512 /* Assets.xcassets in Resources */,
			);
			runOnlyForDeploymentPostprocessing = 0;
		};
/* End PBXResourcesBuildPhase section */

/* Begin PBXSourcesBuildPhase section */
		BBA9F3BD24578D5000DD5512 /* Sources */ = {
			isa = PBXSourcesBuildPhase;
			buildActionMask = 2147483647;
			files = (
				BBA9F3DC2457944100DD5512 /* Model.swift in Sources */,
				BBA9F3C724578D5000DD5512 /* ContentView.swift in Sources */,
				BBA9F3DE24579C9800DD5512 /* ListRow.swift in Sources */,
				BBA9F3D824578D6400DD5512 /* BluetoothManager.swift in Sources */,
				BBA9F3E02457A06800DD5512 /* PeripheralDetail.swift in Sources */,
				BBA9F3C524578D5000DD5512 /* AppDelegate.swift in Sources */,
				BBA9F3DA24578D8D00DD5512 /* Constants.swift in Sources */,
			);
			runOnlyForDeploymentPostprocessing = 0;
		};
		BBA9F3E12457A51500DD5512 /* Sources */ = {
			isa = PBXSourcesBuildPhase;
			buildActionMask = 2147483647;
			files = (
				BBA9F3FA2457A53D00DD5512 /* ListRow.swift in Sources */,
				BBA9F3FB2457A53D00DD5512 /* PeripheralDetail.swift in Sources */,
				BBA9F3E82457A51500DD5512 /* AppDelegate.swift in Sources */,
				BBA9F3EA2457A51500DD5512 /* SceneDelegate.swift in Sources */,
				BBA9F3FD2457A53D00DD5512 /* Constants.swift in Sources */,
				BBA9F3FC2457A53D00DD5512 /* BluetoothManager.swift in Sources */,
				BBA9F3F92457A53D00DD5512 /* ContentView.swift in Sources */,
				BBA9F3FE2457A53D00DD5512 /* Model.swift in Sources */,
			);
			runOnlyForDeploymentPostprocessing = 0;
		};
/* End PBXSourcesBuildPhase section */

/* Begin PBXVariantGroup section */
		BBA9F3CD24578D5200DD5512 /* Main.storyboard */ = {
			isa = PBXVariantGroup;
			children = (
				BBA9F3CE24578D5200DD5512 /* Base */,
			);
			name = Main.storyboard;
			sourceTree = "<group>";
		};
		BBA9F3F22457A51700DD5512 /* LaunchScreen.storyboard */ = {
			isa = PBXVariantGroup;
			children = (
				BBA9F3F32457A51700DD5512 /* Base */,
			);
			name = LaunchScreen.storyboard;
			sourceTree = "<group>";
		};
/* End PBXVariantGroup section */

/* Begin XCBuildConfiguration section */
		BBA9F3D224578D5200DD5512 /* Debug */ = {
			isa = XCBuildConfiguration;
			buildSettings = {
				ALWAYS_SEARCH_USER_PATHS = NO;
				CLANG_ANALYZER_NONNULL = YES;
				CLANG_ANALYZER_NUMBER_OBJECT_CONVERSION = YES_AGGRESSIVE;
				CLANG_CXX_LANGUAGE_STANDARD = "gnu++14";
				CLANG_CXX_LIBRARY = "libc++";
				CLANG_ENABLE_MODULES = YES;
				CLANG_ENABLE_OBJC_ARC = YES;
				CLANG_ENABLE_OBJC_WEAK = YES;
				CLANG_WARN_BLOCK_CAPTURE_AUTORELEASING = YES;
				CLANG_WARN_BOOL_CONVERSION = YES;
				CLANG_WARN_COMMA = YES;
				CLANG_WARN_CONSTANT_CONVERSION = YES;
				CLANG_WARN_DEPRECATED_OBJC_IMPLEMENTATIONS = YES;
				CLANG_WARN_DIRECT_OBJC_ISA_USAGE = YES_ERROR;
				CLANG_WARN_DOCUMENTATION_COMMENTS = YES;
				CLANG_WARN_EMPTY_BODY = YES;
				CLANG_WARN_ENUM_CONVERSION = YES;
				CLANG_WARN_INFINITE_RECURSION = YES;
				CLANG_WARN_INT_CONVERSION = YES;
				CLANG_WARN_NON_LITERAL_NULL_CONVERSION = YES;
				CLANG_WARN_OBJC_IMPLICIT_RETAIN_SELF = YES;
				CLANG_WARN_OBJC_LITERAL_CONVERSION = YES;
				CLANG_WARN_OBJC_ROOT_CLASS = YES_ERROR;
				CLANG_WARN_RANGE_LOOP_ANALYSIS = YES;
				CLANG_WARN_STRICT_PROTOTYPES = YES;
				CLANG_WARN_SUSPICIOUS_MOVE = YES;
				CLANG_WARN_UNGUARDED_AVAILABILITY = YES_AGGRESSIVE;
				CLANG_WARN_UNREACHABLE_CODE = YES;
				CLANG_WARN__DUPLICATE_METHOD_MATCH = YES;
				COPY_PHASE_STRIP = NO;
				DEBUG_INFORMATION_FORMAT = dwarf;
				ENABLE_STRICT_OBJC_MSGSEND = YES;
				ENABLE_TESTABILITY = YES;
				GCC_C_LANGUAGE_STANDARD = gnu11;
				GCC_DYNAMIC_NO_PIC = NO;
				GCC_NO_COMMON_BLOCKS = YES;
				GCC_OPTIMIZATION_LEVEL = 0;
				GCC_PREPROCESSOR_DEFINITIONS = (
					"DEBUG=1",
					"$(inherited)",
				);
				GCC_WARN_64_TO_32_BIT_CONVERSION = YES;
				GCC_WARN_ABOUT_RETURN_TYPE = YES_ERROR;
				GCC_WARN_UNDECLARED_SELECTOR = YES;
				GCC_WARN_UNINITIALIZED_AUTOS = YES_AGGRESSIVE;
				GCC_WARN_UNUSED_FUNCTION = YES;
				GCC_WARN_UNUSED_VARIABLE = YES;
				MACOSX_DEPLOYMENT_TARGET = 10.15;
				MTL_ENABLE_DEBUG_INFO = INCLUDE_SOURCE;
				MTL_FAST_MATH = YES;
				ONLY_ACTIVE_ARCH = YES;
				SDKROOT = macosx;
				SWIFT_ACTIVE_COMPILATION_CONDITIONS = DEBUG;
				SWIFT_OPTIMIZATION_LEVEL = "-Onone";
			};
			name = Debug;
		};
		BBA9F3D324578D5200DD5512 /* Release */ = {
			isa = XCBuildConfiguration;
			buildSettings = {
				ALWAYS_SEARCH_USER_PATHS = NO;
				CLANG_ANALYZER_NONNULL = YES;
				CLANG_ANALYZER_NUMBER_OBJECT_CONVERSION = YES_AGGRESSIVE;
				CLANG_CXX_LANGUAGE_STANDARD = "gnu++14";
				CLANG_CXX_LIBRARY = "libc++";
				CLANG_ENABLE_MODULES = YES;
				CLANG_ENABLE_OBJC_ARC = YES;
				CLANG_ENABLE_OBJC_WEAK = YES;
				CLANG_WARN_BLOCK_CAPTURE_AUTORELEASING = YES;
				CLANG_WARN_BOOL_CONVERSION = YES;
				CLANG_WARN_COMMA = YES;
				CLANG_WARN_CONSTANT_CONVERSION = YES;
				CLANG_WARN_DEPRECATED_OBJC_IMPLEMENTATIONS = YES;
				CLANG_WARN_DIRECT_OBJC_ISA_USAGE = YES_ERROR;
				CLANG_WARN_DOCUMENTATION_COMMENTS = YES;
				CLANG_WARN_EMPTY_BODY = YES;
				CLANG_WARN_ENUM_CONVERSION = YES;
				CLANG_WARN_INFINITE_RECURSION = YES;
				CLANG_WARN_INT_CONVERSION = YES;
				CLANG_WARN_NON_LITERAL_NULL_CONVERSION = YES;
				CLANG_WARN_OBJC_IMPLICIT_RETAIN_SELF = YES;
				CLANG_WARN_OBJC_LITERAL_CONVERSION = YES;
				CLANG_WARN_OBJC_ROOT_CLASS = YES_ERROR;
				CLANG_WARN_RANGE_LOOP_ANALYSIS = YES;
				CLANG_WARN_STRICT_PROTOTYPES = YES;
				CLANG_WARN_SUSPICIOUS_MOVE = YES;
				CLANG_WARN_UNGUARDED_AVAILABILITY = YES_AGGRESSIVE;
				CLANG_WARN_UNREACHABLE_CODE = YES;
				CLANG_WARN__DUPLICATE_METHOD_MATCH = YES;
				COPY_PHASE_STRIP = NO;
				DEBUG_INFORMATION_FORMAT = "dwarf-with-dsym";
				ENABLE_NS_ASSERTIONS = NO;
				ENABLE_STRICT_OBJC_MSGSEND = YES;
				GCC_C_LANGUAGE_STANDARD = gnu11;
				GCC_NO_COMMON_BLOCKS = YES;
				GCC_WARN_64_TO_32_BIT_CONVERSION = YES;
				GCC_WARN_ABOUT_RETURN_TYPE = YES_ERROR;
				GCC_WARN_UNDECLARED_SELECTOR = YES;
				GCC_WARN_UNINITIALIZED_AUTOS = YES_AGGRESSIVE;
				GCC_WARN_UNUSED_FUNCTION = YES;
				GCC_WARN_UNUSED_VARIABLE = YES;
				MACOSX_DEPLOYMENT_TARGET = 10.15;
				MTL_ENABLE_DEBUG_INFO = NO;
				MTL_FAST_MATH = YES;
				SDKROOT = macosx;
				SWIFT_COMPILATION_MODE = wholemodule;
				SWIFT_OPTIMIZATION_LEVEL = "-O";
			};
			name = Release;
		};
		BBA9F3D524578D5200DD5512 /* Debug */ = {
			isa = XCBuildConfiguration;
			buildSettings = {
				ASSETCATALOG_COMPILER_APPICON_NAME = AppIcon;
				CODE_SIGN_ENTITLEMENTS = CovidSafeScanner/CovidSafeScanner.entitlements;
				CODE_SIGN_STYLE = Automatic;
				COMBINE_HIDPI_IMAGES = YES;
				DEVELOPMENT_ASSET_PATHS = "\"CovidSafeScanner/Preview Content\"";
				DEVELOPMENT_TEAM = UPP93EJ3U2;
				ENABLE_HARDENED_RUNTIME = YES;
				ENABLE_PREVIEWS = YES;
				INFOPLIST_FILE = CovidSafeScanner/Info.plist;
				LD_RUNPATH_SEARCH_PATHS = (
					"$(inherited)",
					"@executable_path/../Frameworks",
				);
				MACOSX_DEPLOYMENT_TARGET = 10.15;
				PRODUCT_BUNDLE_IDENTIFIER = me.wilko.CovidSafeScanner;
				PRODUCT_NAME = "$(TARGET_NAME)";
				SWIFT_VERSION = 5.0;
			};
			name = Debug;
		};
		BBA9F3D624578D5200DD5512 /* Release */ = {
			isa = XCBuildConfiguration;
			buildSettings = {
				ASSETCATALOG_COMPILER_APPICON_NAME = AppIcon;
				CODE_SIGN_ENTITLEMENTS = CovidSafeScanner/CovidSafeScanner.entitlements;
				CODE_SIGN_STYLE = Automatic;
				COMBINE_HIDPI_IMAGES = YES;
				DEVELOPMENT_ASSET_PATHS = "\"CovidSafeScanner/Preview Content\"";
				DEVELOPMENT_TEAM = UPP93EJ3U2;
				ENABLE_HARDENED_RUNTIME = YES;
				ENABLE_PREVIEWS = YES;
				INFOPLIST_FILE = CovidSafeScanner/Info.plist;
				LD_RUNPATH_SEARCH_PATHS = (
					"$(inherited)",
					"@executable_path/../Frameworks",
				);
				MACOSX_DEPLOYMENT_TARGET = 10.15;
				PRODUCT_BUNDLE_IDENTIFIER = me.wilko.CovidSafeScanner;
				PRODUCT_NAME = "$(TARGET_NAME)";
				SWIFT_VERSION = 5.0;
			};
			name = Release;
		};
		BBA9F3F72457A51700DD5512 /* Debug */ = {
			isa = XCBuildConfiguration;
			buildSettings = {
				ASSETCATALOG_COMPILER_APPICON_NAME = AppIcon;
				CODE_SIGN_STYLE = Automatic;
				DEVELOPMENT_ASSET_PATHS = "\"CovidSafeScanneriOS/Preview Content\"";
				DEVELOPMENT_TEAM = UPP93EJ3U2;
				ENABLE_PREVIEWS = YES;
				INFOPLIST_FILE = CovidSafeScanneriOS/Info.plist;
				IPHONEOS_DEPLOYMENT_TARGET = 13.4;
				LD_RUNPATH_SEARCH_PATHS = (
					"$(inherited)",
					"@executable_path/Frameworks",
				);
				PRODUCT_BUNDLE_IDENTIFIER = me.wilko.CovidSafeScanneriOS;
				PRODUCT_NAME = "$(TARGET_NAME)";
				SDKROOT = iphoneos;
				SWIFT_VERSION = 5.0;
				TARGETED_DEVICE_FAMILY = "1,2";
			};
			name = Debug;
		};
		BBA9F3F82457A51700DD5512 /* Release */ = {
			isa = XCBuildConfiguration;
			buildSettings = {
				ASSETCATALOG_COMPILER_APPICON_NAME = AppIcon;
				CODE_SIGN_STYLE = Automatic;
				DEVELOPMENT_ASSET_PATHS = "\"CovidSafeScanneriOS/Preview Content\"";
				DEVELOPMENT_TEAM = UPP93EJ3U2;
				ENABLE_PREVIEWS = YES;
				INFOPLIST_FILE = CovidSafeScanneriOS/Info.plist;
				IPHONEOS_DEPLOYMENT_TARGET = 13.4;
				LD_RUNPATH_SEARCH_PATHS = (
					"$(inherited)",
					"@executable_path/Frameworks",
				);
				PRODUCT_BUNDLE_IDENTIFIER = me.wilko.CovidSafeScanneriOS;
				PRODUCT_NAME = "$(TARGET_NAME)";
				SDKROOT = iphoneos;
				SWIFT_VERSION = 5.0;
				TARGETED_DEVICE_FAMILY = "1,2";
				VALIDATE_PRODUCT = YES;
			};
			name = Release;
		};
/* End XCBuildConfiguration section */

/* Begin XCConfigurationList section */
		BBA9F3BC24578D5000DD5512 /* Build configuration list for PBXProject "CovidSafeScanner" */ = {
			isa = XCConfigurationList;
			buildConfigurations = (
				BBA9F3D224578D5200DD5512 /* Debug */,
				BBA9F3D324578D5200DD5512 /* Release */,
			);
			defaultConfigurationIsVisible = 0;
			defaultConfigurationName = Release;
		};
		BBA9F3D424578D5200DD5512 /* Build configuration list for PBXNativeTarget "CovidSafeScanner" */ = {
			isa = XCConfigurationList;
			buildConfigurations = (
				BBA9F3D524578D5200DD5512 /* Debug */,
				BBA9F3D624578D5200DD5512 /* Release */,
			);
			defaultConfigurationIsVisible = 0;
			defaultConfigurationName = Release;
		};
		BBA9F3F62457A51700DD5512 /* Build configuration list for PBXNativeTarget "CovidSafeScanneriOS" */ = {
			isa = XCConfigurationList;
			buildConfigurations = (
				BBA9F3F72457A51700DD5512 /* Debug */,
				BBA9F3F82457A51700DD5512 /* Release */,
			);
			defaultConfigurationIsVisible = 0;
			defaultConfigurationName = Release;
		};
/* End XCConfigurationList section */
	};
	rootObject = BBA9F3B924578D5000DD5512 /* Project object */;
}
